
Microsoft Visual Studio Solution File, Format Version 11.00
# Visual Studio 2010
Project("{FAE04EC0-301F-11D3-BF4B-00C04F79EFBC}") = "Assembly-CSharp", "Assembly-CSharp.csproj", "{D31308A9-6976-C28F-E3BC-DDE0393F1720}"
EndProject
Project("{FAE04EC0-301F-11D3-BF4B-00C04F79EFBC}") = "EditorMigrationScripts", "EditorMigrationScripts.csproj", "{588AC498-1259-B6C4-49D0-A263F75E720E}"
EndProject
Global
	GlobalSection(SolutionConfigurationPlatforms) = preSolution
		Debug|Any CPU = Debug|Any CPU
		Release|Any CPU = Release|Any CPU
	EndGlobalSection
	GlobalSection(ProjectConfigurationPlatforms) = postSolution
		{D31308A9-6976-C28F-E3BC-DDE0393F1720}.Debug|Any CPU.ActiveCfg = Debug|Any CPU
		{D31308A9-6976-C28F-E3BC-DDE0393F1720}.Debug|Any CPU.Build.0 = Debug|Any CPU
		{D31308A9-6976-C28F-E3BC-DDE0393F1720}.Release|Any CPU.ActiveCfg = Release|Any CPU
		{D31308A9-6976-C28F-E3BC-DDE0393F1720}.Release|Any CPU.Build.0 = Release|Any CPU
		{588AC498-1259-B6C4-49D0-A263F75E720E}.Debug|Any CPU.ActiveCfg = Debug|Any CPU
		{588AC498-1259-B6C4-49D0-A263F75E720E}.Debug|Any CPU.Build.0 = Debug|Any CPU
		{588AC498-1259-B6C4-49D0-A263F75E720E}.Release|Any CPU.ActiveCfg = Release|Any CPU
		{588AC498-1259-B6C4-49D0-A263F75E720E}.Release|Any CPU.Build.0 = Release|Any CPU
	EndGlobalSection
	GlobalSection(SolutionProperties) = preSolution
		HideSolutionNode = FALSE
	EndGlobalSection
EndGlobal
